// !$*UTF8*$!
{
	archiveVersion = 1;
	classes = {
	};
	objectVersion = 56;
	objects = {

/* Begin PBXBuildFile section */
		EEBBE7312C40F7CD008C18B6 /* AdMob_Interstitial_AdsApp.swift in Sources */ = {isa = PBXBuildFile; fileRef = EEBBE7302C40F7CD008C18B6 /* AdMob_Interstitial_AdsApp.swift */; };
		EEBBE7332C40F7CD008C18B6 /* ContentView.swift in Sources */ = {isa = PBXBuildFile; fileRef = EEBBE7322C40F7CD008C18B6 /* ContentView.swift */; };
		EEBBE7352C40F7CE008C18B6 /* Assets.xcassets in Resources */ = {isa = PBXBuildFile; fileRef = EEBBE7342C40F7CE008C18B6 /* Assets.xcassets */; };
		EEBBE7382C40F7CE008C18B6 /* Preview Assets.xcassets in Resources */ = {isa = PBXBuildFile; fileRef = EEBBE7372C40F7CE008C18B6 /* Preview Assets.xcassets */; };
		EEBBE7402C40F80C008C18B6 /* GoogleMobileAds in Frameworks */ = {isa = PBXBuildFile; productRef = EEBBE73F2C40F80C008C18B6 /* GoogleMobileAds */; };
		EEBBE7432C40FA10008C18B6 /* InterstitialAdsManager.swift in Sources */ = {isa = PBXBuildFile; fileRef = EEBBE7422C40FA10008C18B6 /* InterstitialAdsManager.swift */; };
/* End PBXBuildFile section */

/* Begin PBXFileReference section */
		EEBBE72D2C40F7CD008C18B6 /* AdMob Interstitial Ads.app */ = {isa = PBXFileReference; explicitFileType = wrapper.application; includeInIndex = 0; path = "AdMob Interstitial Ads.app"; sourceTree = BUILT_PRODUCTS_DIR; };
		EEBBE7302C40F7CD008C18B6 /* AdMob_Interstitial_AdsApp.swift */ = {isa = PBXFileReference; lastKnownFileType = sourcecode.swift; path = AdMob_Interstitial_AdsApp.swift; sourceTree = "<group>"; };
		EEBBE7322C40F7CD008C18B6 /* ContentView.swift */ = {isa = PBXFileReference; lastKnownFileType = sourcecode.swift; path = ContentView.swift; sourceTree = "<group>"; };
		EEBBE7342C40F7CE008C18B6 /* Assets.xcassets */ = {isa = PBXFileReference; lastKnownFileType = folder.assetcatalog; path = Assets.xcassets; sourceTree = "<group>"; };
		EEBBE7372C40F7CE008C18B6 /* Preview Assets.xcassets */ = {isa = PBXFileReference; lastKnownFileType = folder.assetcatalog; path = "Preview Assets.xcassets"; sourceTree = "<group>"; };
		EEBBE7412C40F824008C18B6 /* AdMob-Interstitial-Ads-Info.plist */ = {isa = PBXFileReference; lastKnownFileType = text.plist.xml; path = "AdMob-Interstitial-Ads-Info.plist"; sourceTree = SOURCE_ROOT; };
		EEBBE7422C40FA10008C18B6 /* InterstitialAdsManager.swift */ = {isa = PBXFileReference; lastKnownFileType = sourcecode.swift; path = InterstitialAdsManager.swift; sourceTree = "<group>"; };
/* End PBXFileReference section */

/* Begin PBXFrameworksBuildPhase section */
		EEBBE72A2C40F7CD008C18B6 /* Frameworks */ = {
			isa = PBXFrameworksBuildPhase;
			buildActionMask = 2147483647;
			files = (
				EEBBE7402C40F80C008C18B6 /* GoogleMobileAds in Frameworks */,
			);
			runOnlyForDeploymentPostprocessing = 0;
		};
/* End PBXFrameworksBuildPhase section */

/* Begin PBXGroup section */
		EEBBE7242C40F7CD008C18B6 = {
			isa = PBXGroup;
			children = (
				EEBBE72F2C40F7CD008C18B6 /* AdMob Interstitial Ads */,
				EEBBE72E2C40F7CD008C18B6 /* Products */,
			);
			sourceTree = "<group>";
		};
		EEBBE72E2C40F7CD008C18B6 /* Products */ = {
			isa = PBXGroup;
			children = (
				EEBBE72D2C40F7CD008C18B6 /* AdMob Interstitial Ads.app */,
			);
			name = Products;
			sourceTree = "<group>";
		};
		EEBBE72F2C40F7CD008C18B6 /* AdMob Interstitial Ads */ = {
			isa = PBXGroup;
			children = (
				EEBBE7412C40F824008C18B6 /* AdMob-Interstitial-Ads-Info.plist */,
				EEBBE7302C40F7CD008C18B6 /* AdMob_Interstitial_AdsApp.swift */,
				EEBBE7322C40F7CD008C18B6 /* ContentView.swift */,
				EEBBE7342C40F7CE008C18B6 /* Assets.xcassets */,
				EEBBE7362C40F7CE008C18B6 /* Preview Content */,
				EEBBE7422C40FA10008C18B6 /* InterstitialAdsManager.swift */,
			);
			path = "AdMob Interstitial Ads";
			sourceTree = "<group>";
		};
		EEBBE7362C40F7CE008C18B6 /* Preview Content */ = {
			isa = PBXGroup;
			children = (
				EEBBE7372C40F7CE008C18B6 /* Preview Assets.xcassets */,
			);
			path = "Preview Content";
			sourceTree = "<group>";
		};
/* End PBXGroup section */

/* Begin PBXNativeTarget section */
		EEBBE72C2C40F7CD008C18B6 /* AdMob Interstitial Ads */ = {
			isa = PBXNativeTarget;
			buildConfigurationList = EEBBE73B2C40F7CE008C18B6 /* Build configuration list for PBXNativeTarget "AdMob Interstitial Ads" */;
			buildPhases = (
				EEBBE7292C40F7CD008C18B6 /* Sources */,
				EEBBE72A2C40F7CD008C18B6 /* Frameworks */,
				EEBBE72B2C40F7CD008C18B6 /* Resources */,
			);
			buildRules = (
			);
			dependencies = (
			);
			name = "AdMob Interstitial Ads";
			packageProductDependencies = (
				EEBBE73F2C40F80C008C18B6 /* GoogleMobileAds */,
			);
			productName = "AdMob Interstitial Ads";
			productReference = EEBBE72D2C40F7CD008C18B6 /* AdMob Interstitial Ads.app */;
			productType = "com.apple.product-type.application";
		};
/* End PBXNativeTarget section */

/* Begin PBXProject section */
		EEBBE7252C40F7CD008C18B6 /* Project object */ = {
			isa = PBXProject;
			attributes = {
				BuildIndependentTargetsInParallel = 1;
				LastSwiftUpdateCheck = 1540;
				LastUpgradeCheck = 1540;
				TargetAttributes = {
					EEBBE72C2C40F7CD008C18B6 = {
						CreatedOnToolsVersion = 15.4;
					};
				};
			};
			buildConfigurationList = EEBBE7282C40F7CD008C18B6 /* Build configuration list for PBXProject "AdMob Interstitial Ads" */;
			compatibilityVersion = "Xcode 14.0";
			developmentRegion = en;
			hasScannedForEncodings = 0;
			knownRegions = (
				en,
				Base,
			);
			mainGroup = EEBBE7242C40F7CD008C18B6;
			packageReferences = (
				EEBBE73E2C40F80C008C18B6 /* XCRemoteSwiftPackageReference "swift-package-manager-google-mobile-ads" */,
			);
			productRefGroup = EEBBE72E2C40F7CD008C18B6 /* Products */;
			projectDirPath = "";
			projectRoot = "";
			targets = (
				EEBBE72C2C40F7CD008C18B6 /* AdMob Interstitial Ads */,
			);
		};
/* End PBXProject section */

/* Begin PBXResourcesBuildPhase section */
		EEBBE72B2C40F7CD008C18B6 /* Resources */ = {
			isa = PBXResourcesBuildPhase;
			buildActionMask = 2147483647;
			files = (
				EEBBE7382C40F7CE008C18B6 /* Preview Assets.xcassets in Resources */,
				EEBBE7352C40F7CE008C18B6 /* Assets.xcassets in Resources */,
			);
			runOnlyForDeploymentPostprocessing = 0;
		};
/* End PBXResourcesBuildPhase section */

/* Begin PBXSourcesBuildPhase section */
		EEBBE7292C40F7CD008C18B6 /* Sources */ = {
			isa = PBXSourcesBuildPhase;
			buildActionMask = 2147483647;
			files = (
				EEBBE7332C40F7CD008C18B6 /* ContentView.swift in Sources */,
				EEBBE7312C40F7CD008C18B6 /* AdMob_Interstitial_AdsApp.swift in Sources */,
				EEBBE7432C40FA10008C18B6 /* InterstitialAdsManager.swift in Sources */,
			);
			runOnlyForDeploymentPostprocessing = 0;
		};
/* End PBXSourcesBuildPhase section */

/* Begin XCBuildConfiguration section */
		EEBBE7392C40F7CE008C18B6 /* Debug */ = {
			isa = XCBuildConfiguration;
			buildSettings = {
				ALWAYS_SEARCH_USER_PATHS = NO;
				ASSETCATALOG_COMPILER_GENERATE_SWIFT_ASSET_SYMBOL_EXTENSIONS = YES;
				CLANG_ANALYZER_NONNULL = YES;
				CLANG_ANALYZER_NUMBER_OBJECT_CONVERSION = YES_AGGRESSIVE;
				CLANG_CXX_LANGUAGE_STANDARD = "gnu++20";
				CLANG_ENABLE_MODULES = YES;
				CLANG_ENABLE_OBJC_ARC = YES;
				CLANG_ENABLE_OBJC_WEAK = YES;
				CLANG_WARN_BLOCK_CAPTURE_AUTORELEASING = YES;
				CLANG_WARN_BOOL_CONVERSION = YES;
				CLANG_WARN_COMMA = YES;
				CLANG_WARN_CONSTANT_CONVERSION = YES;
				CLANG_WARN_DEPRECATED_OBJC_IMPLEMENTATIONS = YES;
				CLANG_WARN_DIRECT_OBJC_ISA_USAGE = YES_ERROR;
				CLANG_WARN_DOCUMENTATION_COMMENTS = YES;
				CLANG_WARN_EMPTY_BODY = YES;
				CLANG_WARN_ENUM_CONVERSION = YES;
				CLANG_WARN_INFINITE_RECURSION = YES;
				CLANG_WARN_INT_CONVERSION = YES;
				CLANG_WARN_NON_LITERAL_NULL_CONVERSION = YES;
				CLANG_WARN_OBJC_IMPLICIT_RETAIN_SELF = YES;
				CLANG_WARN_OBJC_LITERAL_CONVERSION = YES;
				CLANG_WARN_OBJC_ROOT_CLASS = YES_ERROR;
				CLANG_WARN_QUOTED_INCLUDE_IN_FRAMEWORK_HEADER = YES;
				CLANG_WARN_RANGE_LOOP_ANALYSIS = YES;
				CLANG_WARN_STRICT_PROTOTYPES = YES;
				CLANG_WARN_SUSPICIOUS_MOVE = YES;
				CLANG_WARN_UNGUARDED_AVAILABILITY = YES_AGGRESSIVE;
				CLANG_WARN_UNREACHABLE_CODE = YES;
				CLANG_WARN__DUPLICATE_METHOD_MATCH = YES;
				COPY_PHASE_STRIP = NO;
				DEBUG_INFORMATION_FORMAT = dwarf;
				ENABLE_STRICT_OBJC_MSGSEND = YES;
				ENABLE_TESTABILITY = YES;
				ENABLE_USER_SCRIPT_SANDBOXING = YES;
				GCC_C_LANGUAGE_STANDARD = gnu17;
				GCC_DYNAMIC_NO_PIC = NO;
				GCC_NO_COMMON_BLOCKS = YES;
				GCC_OPTIMIZATION_LEVEL = 0;
				GCC_PREPROCESSOR_DEFINITIONS = (
					"DEBUG=1",
					"$(inherited)",
				);
				GCC_WARN_64_TO_32_BIT_CONVERSION = YES;
				GCC_WARN_ABOUT_RETURN_TYPE = YES_ERROR;
				GCC_WARN_UNDECLARED_SELECTOR = YES;
				GCC_WARN_UNINITIALIZED_AUTOS = YES_AGGRESSIVE;
				GCC_WARN_UNUSED_FUNCTION = YES;
				GCC_WARN_UNUSED_VARIABLE = YES;
				IPHONEOS_DEPLOYMENT_TARGET = 17.5;
				LOCALIZATION_PREFERS_STRING_CATALOGS = YES;
				MTL_ENABLE_DEBUG_INFO = INCLUDE_SOURCE;
				MTL_FAST_MATH = YES;
				ONLY_ACTIVE_ARCH = YES;
				SDKROOT = iphoneos;
				SWIFT_ACTIVE_COMPILATION_CONDITIONS = "DEBUG $(inherited)";
				SWIFT_OPTIMIZATION_LEVEL = "-Onone";
			};
			name = Debug;
		};
		EEBBE73A2C40F7CE008C18B6 /* Release */ = {
			isa = XCBuildConfiguration;
			buildSettings = {
				ALWAYS_SEARCH_USER_PATHS = NO;
				ASSETCATALOG_COMPILER_GENERATE_SWIFT_ASSET_SYMBOL_EXTENSIONS = YES;
				CLANG_ANALYZER_NONNULL = YES;
				CLANG_ANALYZER_NUMBER_OBJECT_CONVERSION = YES_AGGRESSIVE;
				CLANG_CXX_LANGUAGE_STANDARD = "gnu++20";
				CLANG_ENABLE_MODULES = YES;
				CLANG_ENABLE_OBJC_ARC = YES;
				CLANG_ENABLE_OBJC_WEAK = YES;
				CLANG_WARN_BLOCK_CAPTURE_AUTORELEASING = YES;
				CLANG_WARN_BOOL_CONVERSION = YES;
				CLANG_WARN_COMMA = YES;
				CLANG_WARN_CONSTANT_CONVERSION = YES;
				CLANG_WARN_DEPRECATED_OBJC_IMPLEMENTATIONS = YES;
				CLANG_WARN_DIRECT_OBJC_ISA_USAGE = YES_ERROR;
				CLANG_WARN_DOCUMENTATION_COMMENTS = YES;
				CLANG_WARN_EMPTY_BODY = YES;
				CLANG_WARN_ENUM_CONVERSION = YES;
				CLANG_WARN_INFINITE_RECURSION = YES;
				CLANG_WARN_INT_CONVERSION = YES;
				CLANG_WARN_NON_LITERAL_NULL_CONVERSION = YES;
				CLANG_WARN_OBJC_IMPLICIT_RETAIN_SELF = YES;
				CLANG_WARN_OBJC_LITERAL_CONVERSION = YES;
				CLANG_WARN_OBJC_ROOT_CLASS = YES_ERROR;
				CLANG_WARN_QUOTED_INCLUDE_IN_FRAMEWORK_HEADER = YES;
				CLANG_WARN_RANGE_LOOP_ANALYSIS = YES;
				CLANG_WARN_STRICT_PROTOTYPES = YES;
				CLANG_WARN_SUSPICIOUS_MOVE = YES;
				CLANG_WARN_UNGUARDED_AVAILABILITY = YES_AGGRESSIVE;
				CLANG_WARN_UNREACHABLE_CODE = YES;
				CLANG_WARN__DUPLICATE_METHOD_MATCH = YES;
				COPY_PHASE_STRIP = NO;
				DEBUG_INFORMATION_FORMAT = "dwarf-with-dsym";
				ENABLE_NS_ASSERTIONS = NO;
				ENABLE_STRICT_OBJC_MSGSEND = YES;
				ENABLE_USER_SCRIPT_SANDBOXING = YES;
				GCC_C_LANGUAGE_STANDARD = gnu17;
				GCC_NO_COMMON_BLOCKS = YES;
				GCC_WARN_64_TO_32_BIT_CONVERSION = YES;
				GCC_WARN_ABOUT_RETURN_TYPE = YES_ERROR;
				GCC_WARN_UNDECLARED_SELECTOR = YES;
				GCC_WARN_UNINITIALIZED_AUTOS = YES_AGGRESSIVE;
				GCC_WARN_UNUSED_FUNCTION = YES;
				GCC_WARN_UNUSED_VARIABLE = YES;
				IPHONEOS_DEPLOYMENT_TARGET = 17.5;
				LOCALIZATION_PREFERS_STRING_CATALOGS = YES;
				MTL_ENABLE_DEBUG_INFO = NO;
				MTL_FAST_MATH = YES;
				SDKROOT = iphoneos;
				SWIFT_COMPILATION_MODE = wholemodule;
				VALIDATE_PRODUCT = YES;
			};
			name = Release;
		};
		EEBBE73C2C40F7CE008C18B6 /* Debug */ = {
			isa = XCBuildConfiguration;
			buildSettings = {
				ASSETCATALOG_COMPILER_APPICON_NAME = AppIcon;
				ASSETCATALOG_COMPILER_GLOBAL_ACCENT_COLOR_NAME = AccentColor;
				CODE_SIGN_STYLE = Automatic;
				CURRENT_PROJECT_VERSION = 1;
				DEVELOPMENT_ASSET_PATHS = "\"AdMob Interstitial Ads/Preview Content\"";
				DEVELOPMENT_TEAM = 53JP7T2TYF;
				ENABLE_PREVIEWS = YES;
				GENERATE_INFOPLIST_FILE = YES;
				INFOPLIST_FILE = "AdMob-Interstitial-Ads-Info.plist";
				INFOPLIST_KEY_UIApplicationSceneManifest_Generation = YES;
				INFOPLIST_KEY_UIApplicationSupportsIndirectInputEvents = YES;
				INFOPLIST_KEY_UILaunchScreen_Generation = YES;
				INFOPLIST_KEY_UISupportedInterfaceOrientations_iPad = "UIInterfaceOrientationPortrait UIInterfaceOrientationPortraitUpsideDown UIInterfaceOrientationLandscapeLeft UIInterfaceOrientationLandscapeRight";
				INFOPLIST_KEY_UISupportedInterfaceOrientations_iPhone = "UIInterfaceOrientationPortrait UIInterfaceOrientationLandscapeLeft UIInterfaceOrientationLandscapeRight";
				LD_RUNPATH_SEARCH_PATHS = (
					"$(inherited)",
					"@executable_path/Frameworks",
				);
				MARKETING_VERSION = 1.0;
				PRODUCT_BUNDLE_IDENTIFIER = "com.Jackie.AdMob-Interstitial-Ads";
				PRODUCT_NAME = "$(TARGET_NAME)";
				SWIFT_EMIT_LOC_STRINGS = YES;
				SWIFT_VERSION = 5.0;
				TARGETED_DEVICE_FAMILY = "1,2";
			};
			name = Debug;
		};
		EEBBE73D2C40F7CE008C18B6 /* Release */ = {
			isa = XCBuildConfiguration;
			buildSettings = {
				ASSETCATALOG_COMPILER_APPICON_NAME = AppIcon;
				ASSETCATALOG_COMPILER_GLOBAL_ACCENT_COLOR_NAME = AccentColor;
				CODE_SIGN_STYLE = Automatic;
				CURRENT_PROJECT_VERSION = 1;
				DEVELOPMENT_ASSET_PATHS = "\"AdMob Interstitial Ads/Preview Content\"";
				DEVELOPMENT_TEAM = 53JP7T2TYF;
				ENABLE_PREVIEWS = YES;
				GENERATE_INFOPLIST_FILE = YES;
				INFOPLIST_FILE = "AdMob-Interstitial-Ads-Info.plist";
				INFOPLIST_KEY_UIApplicationSceneManifest_Generation = YES;
				INFOPLIST_KEY_UIApplicationSupportsIndirectInputEvents = YES;
				INFOPLIST_KEY_UILaunchScreen_Generation = YES;
				INFOPLIST_KEY_UISupportedInterfaceOrientations_iPad = "UIInterfaceOrientationPortrait UIInterfaceOrientationPortraitUpsideDown UIInterfaceOrientationLandscapeLeft UIInterfaceOrientationLandscapeRight";
				INFOPLIST_KEY_UISupportedInterfaceOrientations_iPhone = "UIInterfaceOrientationPortrait UIInterfaceOrientationLandscapeLeft UIInterfaceOrientationLandscapeRight";
				LD_RUNPATH_SEARCH_PATHS = (
					"$(inherited)",
					"@executable_path/Frameworks",
				);
				MARKETING_VERSION = 1.0;
				PRODUCT_BUNDLE_IDENTIFIER = "com.Jackie.AdMob-Interstitial-Ads";
				PRODUCT_NAME = "$(TARGET_NAME)";
				SWIFT_EMIT_LOC_STRINGS = YES;
				SWIFT_VERSION = 5.0;
				TARGETED_DEVICE_FAMILY = "1,2";
			};
			name = Release;
		};
/* End XCBuildConfiguration section */

/* Begin XCConfigurationList section */
		EEBBE7282C40F7CD008C18B6 /* Build configuration list for PBXProject "AdMob Interstitial Ads" */ = {
			isa = XCConfigurationList;
			buildConfigurations = (
				EEBBE7392C40F7CE008C18B6 /* Debug */,
				EEBBE73A2C40F7CE008C18B6 /* Release */,
			);
			defaultConfigurationIsVisible = 0;
			defaultConfigurationName = Release;
		};
		EEBBE73B2C40F7CE008C18B6 /* Build configuration list for PBXNativeTarget "AdMob Interstitial Ads" */ = {
			isa = XCConfigurationList;
			buildConfigurations = (
				EEBBE73C2C40F7CE008C18B6 /* Debug */,
				EEBBE73D2C40F7CE008C18B6 /* Release */,
			);
			defaultConfigurationIsVisible = 0;
			defaultConfigurationName = Release;
		};
/* End XCConfigurationList section */

/* Begin XCRemoteSwiftPackageReference section */
		EEBBE73E2C40F80C008C18B6 /* XCRemoteSwiftPackageReference "swift-package-manager-google-mobile-ads" */ = {
			isa = XCRemoteSwiftPackageReference;
			repositoryURL = "https://github.com/googleads/swift-package-manager-google-mobile-ads.git";
			requirement = {
				kind = upToNextMajorVersion;
				minimumVersion = 11.6.0;
			};
		};
/* End XCRemoteSwiftPackageReference section */

/* Begin XCSwiftPackageProductDependency section */
		EEBBE73F2C40F80C008C18B6 /* GoogleMobileAds */ = {
			isa = XCSwiftPackageProductDependency;
			package = EEBBE73E2C40F80C008C18B6 /* XCRemoteSwiftPackageReference "swift-package-manager-google-mobile-ads" */;
			productName = GoogleMobileAds;
		};
/* End XCSwiftPackageProductDependency section */
	};
	rootObject = EEBBE7252C40F7CD008C18B6 /* Project object */;
}
